// !$*UTF8*$!
{
	archiveVersion = 1;
	classes = {
	};
	objectVersion = 50;
	objects = {

/* Begin PBXBuildFile section */
		2C341E2625A7CDBF005E8AD7 /* NewRecording.swift in Sources */ = {isa = PBXBuildFile; fileRef = 2C341E2525A7CDBF005E8AD7 /* NewRecording.swift */; };
		2C341E2F25A7FEB8005E8AD7 /* RecordingMetaData.xcdatamodeld in Sources */ = {isa = PBXBuildFile; fileRef = 2C341E2D25A7FEB8005E8AD7 /* RecordingMetaData.xcdatamodeld */; };
		2C341E3C25A7FF6F005E8AD7 /* CoreDataStack.swift in Sources */ = {isa = PBXBuildFile; fileRef = 2C341E3B25A7FF6F005E8AD7 /* CoreDataStack.swift */; };
		2C341E5725A80997005E8AD7 /* Recording+CoreDataClass.swift in Sources */ = {isa = PBXBuildFile; fileRef = 2C341E5525A80997005E8AD7 /* Recording+CoreDataClass.swift */; };
		2C341E5825A80997005E8AD7 /* Recording+CoreDataProperties.swift in Sources */ = {isa = PBXBuildFile; fileRef = 2C341E5625A80997005E8AD7 /* Recording+CoreDataProperties.swift */; };
		2C660EC525A6C0280054D556 /* AppDelegate.swift in Sources */ = {isa = PBXBuildFile; fileRef = 2C660EC425A6C0280054D556 /* AppDelegate.swift */; };
		2C660EC725A6C0280054D556 /* SceneDelegate.swift in Sources */ = {isa = PBXBuildFile; fileRef = 2C660EC625A6C0280054D556 /* SceneDelegate.swift */; };
		2C660EC925A6C0280054D556 /* ViewController.swift in Sources */ = {isa = PBXBuildFile; fileRef = 2C660EC825A6C0280054D556 /* ViewController.swift */; };
		2C660ECC25A6C0280054D556 /* Main.storyboard in Resources */ = {isa = PBXBuildFile; fileRef = 2C660ECA25A6C0280054D556 /* Main.storyboard */; };
		2C660ECF25A6C0280054D556 /* RecorderPlus.xcdatamodeld in Sources */ = {isa = PBXBuildFile; fileRef = 2C660ECD25A6C0280054D556 /* RecorderPlus.xcdatamodeld */; };
		2C660ED125A6C0280054D556 /* Assets.xcassets in Resources */ = {isa = PBXBuildFile; fileRef = 2C660ED025A6C0280054D556 /* Assets.xcassets */; };
		2C660ED425A6C0280054D556 /* LaunchScreen.storyboard in Resources */ = {isa = PBXBuildFile; fileRef = 2C660ED225A6C0280054D556 /* LaunchScreen.storyboard */; };
		2C660EDF25A6C0290054D556 /* RecorderPlusTests.swift in Sources */ = {isa = PBXBuildFile; fileRef = 2C660EDE25A6C0290054D556 /* RecorderPlusTests.swift */; };
		2C660EEA25A6C0290054D556 /* RecorderPlusUITests.swift in Sources */ = {isa = PBXBuildFile; fileRef = 2C660EE925A6C0290054D556 /* RecorderPlusUITests.swift */; };
		2C660F0025A6D7170054D556 /* ViewController2.swift in Sources */ = {isa = PBXBuildFile; fileRef = 2C660EFF25A6D7170054D556 /* ViewController2.swift */; };
		2C660F0625A6DD990054D556 /* Extensions.swift in Sources */ = {isa = PBXBuildFile; fileRef = 2C660F0525A6DD990054D556 /* Extensions.swift */; };
		2C660F0B25A6DDA40054D556 /* Colors.swift in Sources */ = {isa = PBXBuildFile; fileRef = 2C660F0A25A6DDA40054D556 /* Colors.swift */; };
		2C660F1025A6DDD30054D556 /* TableViewCell.swift in Sources */ = {isa = PBXBuildFile; fileRef = 2C660F0F25A6DDD30054D556 /* TableViewCell.swift */; };
		2C660F1525A6DE100054D556 /* CollectionViewCell.swift in Sources */ = {isa = PBXBuildFile; fileRef = 2C660F1425A6DE100054D556 /* CollectionViewCell.swift */; };
		2C660F1A25A6DE2E0054D556 /* TableViewCellModel.swift in Sources */ = {isa = PBXBuildFile; fileRef = 2C660F1925A6DE2E0054D556 /* TableViewCellModel.swift */; };
		2C660F1F25A6DE340054D556 /* CollectionViewCellModel.swift in Sources */ = {isa = PBXBuildFile; fileRef = 2C660F1E25A6DE340054D556 /* CollectionViewCellModel.swift */; };
		2C660F2925A6E48F0054D556 /* CollectionViewCell.xib in Resources */ = {isa = PBXBuildFile; fileRef = 2C660F2825A6E48E0054D556 /* CollectionViewCell.xib */; };
/* End PBXBuildFile section */

/* Begin PBXContainerItemProxy section */
		2C660EDB25A6C0280054D556 /* PBXContainerItemProxy */ = {
			isa = PBXContainerItemProxy;
			containerPortal = 2C660EB925A6C0280054D556 /* Project object */;
			proxyType = 1;
			remoteGlobalIDString = 2C660EC025A6C0280054D556;
			remoteInfo = RecorderPlus;
		};
		2C660EE625A6C0290054D556 /* PBXContainerItemProxy */ = {
			isa = PBXContainerItemProxy;
			containerPortal = 2C660EB925A6C0280054D556 /* Project object */;
			proxyType = 1;
			remoteGlobalIDString = 2C660EC025A6C0280054D556;
			remoteInfo = RecorderPlus;
		};
/* End PBXContainerItemProxy section */

/* Begin PBXFileReference section */
		2C341E2525A7CDBF005E8AD7 /* NewRecording.swift */ = {isa = PBXFileReference; lastKnownFileType = sourcecode.swift; path = NewRecording.swift; sourceTree = "<group>"; };
		2C341E2E25A7FEB8005E8AD7 /* RecordingMetaData.xcdatamodel */ = {isa = PBXFileReference; lastKnownFileType = wrapper.xcdatamodel; path = RecordingMetaData.xcdatamodel; sourceTree = "<group>"; };
		2C341E3B25A7FF6F005E8AD7 /* CoreDataStack.swift */ = {isa = PBXFileReference; lastKnownFileType = sourcecode.swift; path = CoreDataStack.swift; sourceTree = "<group>"; };
		2C341E5525A80997005E8AD7 /* Recording+CoreDataClass.swift */ = {isa = PBXFileReference; lastKnownFileType = sourcecode.swift; path = "Recording+CoreDataClass.swift"; sourceTree = "<group>"; };
		2C341E5625A80997005E8AD7 /* Recording+CoreDataProperties.swift */ = {isa = PBXFileReference; lastKnownFileType = sourcecode.swift; path = "Recording+CoreDataProperties.swift"; sourceTree = "<group>"; };
		2C660EC125A6C0280054D556 /* RecorderPlus.app */ = {isa = PBXFileReference; explicitFileType = wrapper.application; includeInIndex = 0; path = RecorderPlus.app; sourceTree = BUILT_PRODUCTS_DIR; };
		2C660EC425A6C0280054D556 /* AppDelegate.swift */ = {isa = PBXFileReference; lastKnownFileType = sourcecode.swift; path = AppDelegate.swift; sourceTree = "<group>"; };
		2C660EC625A6C0280054D556 /* SceneDelegate.swift */ = {isa = PBXFileReference; lastKnownFileType = sourcecode.swift; path = SceneDelegate.swift; sourceTree = "<group>"; };
		2C660EC825A6C0280054D556 /* ViewController.swift */ = {isa = PBXFileReference; lastKnownFileType = sourcecode.swift; path = ViewController.swift; sourceTree = "<group>"; };
		2C660ECB25A6C0280054D556 /* Base */ = {isa = PBXFileReference; lastKnownFileType = file.storyboard; name = Base; path = Base.lproj/Main.storyboard; sourceTree = "<group>"; };
		2C660ECE25A6C0280054D556 /* RecorderPlus.xcdatamodel */ = {isa = PBXFileReference; lastKnownFileType = wrapper.xcdatamodel; path = RecorderPlus.xcdatamodel; sourceTree = "<group>"; };
		2C660ED025A6C0280054D556 /* Assets.xcassets */ = {isa = PBXFileReference; lastKnownFileType = folder.assetcatalog; path = Assets.xcassets; sourceTree = "<group>"; };
		2C660ED325A6C0280054D556 /* Base */ = {isa = PBXFileReference; lastKnownFileType = file.storyboard; name = Base; path = Base.lproj/LaunchScreen.storyboard; sourceTree = "<group>"; };
		2C660ED525A6C0280054D556 /* Info.plist */ = {isa = PBXFileReference; lastKnownFileType = text.plist.xml; path = Info.plist; sourceTree = "<group>"; };
		2C660EDA25A6C0280054D556 /* RecorderPlusTests.xctest */ = {isa = PBXFileReference; explicitFileType = wrapper.cfbundle; includeInIndex = 0; path = RecorderPlusTests.xctest; sourceTree = BUILT_PRODUCTS_DIR; };
		2C660EDE25A6C0290054D556 /* RecorderPlusTests.swift */ = {isa = PBXFileReference; lastKnownFileType = sourcecode.swift; path = RecorderPlusTests.swift; sourceTree = "<group>"; };
		2C660EE025A6C0290054D556 /* Info.plist */ = {isa = PBXFileReference; lastKnownFileType = text.plist.xml; path = Info.plist; sourceTree = "<group>"; };
		2C660EE525A6C0290054D556 /* RecorderPlusUITests.xctest */ = {isa = PBXFileReference; explicitFileType = wrapper.cfbundle; includeInIndex = 0; path = RecorderPlusUITests.xctest; sourceTree = BUILT_PRODUCTS_DIR; };
		2C660EE925A6C0290054D556 /* RecorderPlusUITests.swift */ = {isa = PBXFileReference; lastKnownFileType = sourcecode.swift; path = RecorderPlusUITests.swift; sourceTree = "<group>"; };
		2C660EEB25A6C0290054D556 /* Info.plist */ = {isa = PBXFileReference; lastKnownFileType = text.plist.xml; path = Info.plist; sourceTree = "<group>"; };
		2C660EFF25A6D7170054D556 /* ViewController2.swift */ = {isa = PBXFileReference; lastKnownFileType = sourcecode.swift; path = ViewController2.swift; sourceTree = "<group>"; };
		2C660F0525A6DD990054D556 /* Extensions.swift */ = {isa = PBXFileReference; fileEncoding = 4; lastKnownFileType = sourcecode.swift; path = Extensions.swift; sourceTree = "<group>"; };
		2C660F0A25A6DDA40054D556 /* Colors.swift */ = {isa = PBXFileReference; fileEncoding = 4; lastKnownFileType = sourcecode.swift; path = Colors.swift; sourceTree = "<group>"; };
		2C660F0F25A6DDD30054D556 /* TableViewCell.swift */ = {isa = PBXFileReference; lastKnownFileType = sourcecode.swift; path = TableViewCell.swift; sourceTree = "<group>"; };
		2C660F1425A6DE100054D556 /* CollectionViewCell.swift */ = {isa = PBXFileReference; lastKnownFileType = sourcecode.swift; path = CollectionViewCell.swift; sourceTree = "<group>"; };
		2C660F1925A6DE2E0054D556 /* TableViewCellModel.swift */ = {isa = PBXFileReference; fileEncoding = 4; lastKnownFileType = sourcecode.swift; path = TableViewCellModel.swift; sourceTree = "<group>"; };
		2C660F1E25A6DE340054D556 /* CollectionViewCellModel.swift */ = {isa = PBXFileReference; fileEncoding = 4; lastKnownFileType = sourcecode.swift; path = CollectionViewCellModel.swift; sourceTree = "<group>"; };
		2C660F2825A6E48E0054D556 /* CollectionViewCell.xib */ = {isa = PBXFileReference; fileEncoding = 4; lastKnownFileType = file.xib; path = CollectionViewCell.xib; sourceTree = "<group>"; };
/* End PBXFileReference section */

/* Begin PBXFrameworksBuildPhase section */
		2C660EBE25A6C0280054D556 /* Frameworks */ = {
			isa = PBXFrameworksBuildPhase;
			buildActionMask = 2147483647;
			files = (
			);
			runOnlyForDeploymentPostprocessing = 0;
		};
		2C660ED725A6C0280054D556 /* Frameworks */ = {
			isa = PBXFrameworksBuildPhase;
			buildActionMask = 2147483647;
			files = (
			);
			runOnlyForDeploymentPostprocessing = 0;
		};
		2C660EE225A6C0290054D556 /* Frameworks */ = {
			isa = PBXFrameworksBuildPhase;
			buildActionMask = 2147483647;
			files = (
			);
			runOnlyForDeploymentPostprocessing = 0;
		};
/* End PBXFrameworksBuildPhase section */

/* Begin PBXGroup section */
		2C341E4025A801D2005E8AD7 /* Core Data */ = {
			isa = PBXGroup;
			children = (
				2C341E5525A80997005E8AD7 /* Recording+CoreDataClass.swift */,
				2C341E5625A80997005E8AD7 /* Recording+CoreDataProperties.swift */,
				2C341E2D25A7FEB8005E8AD7 /* RecordingMetaData.xcdatamodeld */,
				2C341E3B25A7FF6F005E8AD7 /* CoreDataStack.swift */,
			);
			path = "Core Data";
			sourceTree = "<group>";
		};
		2C660EB825A6C0280054D556 = {
			isa = PBXGroup;
			children = (
				2C660EC325A6C0280054D556 /* RecorderPlus */,
				2C660EDD25A6C0290054D556 /* RecorderPlusTests */,
				2C660EE825A6C0290054D556 /* RecorderPlusUITests */,
				2C660EC225A6C0280054D556 /* Products */,
			);
			sourceTree = "<group>";
		};
		2C660EC225A6C0280054D556 /* Products */ = {
			isa = PBXGroup;
			children = (
				2C660EC125A6C0280054D556 /* RecorderPlus.app */,
				2C660EDA25A6C0280054D556 /* RecorderPlusTests.xctest */,
				2C660EE525A6C0290054D556 /* RecorderPlusUITests.xctest */,
			);
			name = Products;
			sourceTree = "<group>";
		};
		2C660EC325A6C0280054D556 /* RecorderPlus */ = {
			isa = PBXGroup;
			children = (
				2C660F0425A6DD870054D556 /* Color Example */,
				2C660EC425A6C0280054D556 /* AppDelegate.swift */,
				2C660EC625A6C0280054D556 /* SceneDelegate.swift */,
				2C660EC825A6C0280054D556 /* ViewController.swift */,
				2C341E2525A7CDBF005E8AD7 /* NewRecording.swift */,
				2C660EFF25A6D7170054D556 /* ViewController2.swift */,
				2C341E4025A801D2005E8AD7 /* Core Data */,
				2C660ECA25A6C0280054D556 /* Main.storyboard */,
				2C660ED025A6C0280054D556 /* Assets.xcassets */,
				2C660ED225A6C0280054D556 /* LaunchScreen.storyboard */,
				2C660ED525A6C0280054D556 /* Info.plist */,
				2C660ECD25A6C0280054D556 /* RecorderPlus.xcdatamodeld */,
			);
			path = RecorderPlus;
			sourceTree = "<group>";
		};
		2C660EDD25A6C0290054D556 /* RecorderPlusTests */ = {
			isa = PBXGroup;
			children = (
				2C660EDE25A6C0290054D556 /* RecorderPlusTests.swift */,
				2C660EE025A6C0290054D556 /* Info.plist */,
			);
			path = RecorderPlusTests;
			sourceTree = "<group>";
		};
		2C660EE825A6C0290054D556 /* RecorderPlusUITests */ = {
			isa = PBXGroup;
			children = (
				2C660EE925A6C0290054D556 /* RecorderPlusUITests.swift */,
				2C660EEB25A6C0290054D556 /* Info.plist */,
			);
			path = RecorderPlusUITests;
			sourceTree = "<group>";
		};
		2C660F0425A6DD870054D556 /* Color Example */ = {
			isa = PBXGroup;
			children = (
				2C660F0525A6DD990054D556 /* Extensions.swift */,
				2C660F0A25A6DDA40054D556 /* Colors.swift */,
				2C660F0F25A6DDD30054D556 /* TableViewCell.swift */,
				2C660F1925A6DE2E0054D556 /* TableViewCellModel.swift */,
				2C660F1425A6DE100054D556 /* CollectionViewCell.swift */,
				2C660F2825A6E48E0054D556 /* CollectionViewCell.xib */,
				2C660F1E25A6DE340054D556 /* CollectionViewCellModel.swift */,
			);
			path = "Color Example";
			sourceTree = "<group>";
		};
/* End PBXGroup section */

/* Begin PBXNativeTarget section */
		2C660EC025A6C0280054D556 /* RecorderPlus */ = {
			isa = PBXNativeTarget;
			buildConfigurationList = 2C660EEE25A6C0290054D556 /* Build configuration list for PBXNativeTarget "RecorderPlus" */;
			buildPhases = (
				2C660EBD25A6C0280054D556 /* Sources */,
				2C660EBE25A6C0280054D556 /* Frameworks */,
				2C660EBF25A6C0280054D556 /* Resources */,
			);
			buildRules = (
			);
			dependencies = (
			);
			name = RecorderPlus;
			productName = RecorderPlus;
			productReference = 2C660EC125A6C0280054D556 /* RecorderPlus.app */;
			productType = "com.apple.product-type.application";
		};
		2C660ED925A6C0280054D556 /* RecorderPlusTests */ = {
			isa = PBXNativeTarget;
			buildConfigurationList = 2C660EF125A6C0290054D556 /* Build configuration list for PBXNativeTarget "RecorderPlusTests" */;
			buildPhases = (
				2C660ED625A6C0280054D556 /* Sources */,
				2C660ED725A6C0280054D556 /* Frameworks */,
				2C660ED825A6C0280054D556 /* Resources */,
			);
			buildRules = (
			);
			dependencies = (
				2C660EDC25A6C0280054D556 /* PBXTargetDependency */,
			);
			name = RecorderPlusTests;
			productName = RecorderPlusTests;
			productReference = 2C660EDA25A6C0280054D556 /* RecorderPlusTests.xctest */;
			productType = "com.apple.product-type.bundle.unit-test";
		};
		2C660EE425A6C0290054D556 /* RecorderPlusUITests */ = {
			isa = PBXNativeTarget;
			buildConfigurationList = 2C660EF425A6C0290054D556 /* Build configuration list for PBXNativeTarget "RecorderPlusUITests" */;
			buildPhases = (
				2C660EE125A6C0290054D556 /* Sources */,
				2C660EE225A6C0290054D556 /* Frameworks */,
				2C660EE325A6C0290054D556 /* Resources */,
			);
			buildRules = (
			);
			dependencies = (
				2C660EE725A6C0290054D556 /* PBXTargetDependency */,
			);
			name = RecorderPlusUITests;
			productName = RecorderPlusUITests;
			productReference = 2C660EE525A6C0290054D556 /* RecorderPlusUITests.xctest */;
			productType = "com.apple.product-type.bundle.ui-testing";
		};
/* End PBXNativeTarget section */

/* Begin PBXProject section */
		2C660EB925A6C0280054D556 /* Project object */ = {
			isa = PBXProject;
			attributes = {
				LastSwiftUpdateCheck = 1230;
				LastUpgradeCheck = 1230;
				TargetAttributes = {
					2C660EC025A6C0280054D556 = {
						CreatedOnToolsVersion = 12.3;
					};
					2C660ED925A6C0280054D556 = {
						CreatedOnToolsVersion = 12.3;
						TestTargetID = 2C660EC025A6C0280054D556;
					};
					2C660EE425A6C0290054D556 = {
						CreatedOnToolsVersion = 12.3;
						TestTargetID = 2C660EC025A6C0280054D556;
					};
				};
			};
			buildConfigurationList = 2C660EBC25A6C0280054D556 /* Build configuration list for PBXProject "RecorderPlus" */;
			compatibilityVersion = "Xcode 9.3";
			developmentRegion = en;
			hasScannedForEncodings = 0;
			knownRegions = (
				en,
				Base,
			);
			mainGroup = 2C660EB825A6C0280054D556;
			productRefGroup = 2C660EC225A6C0280054D556 /* Products */;
			projectDirPath = "";
			projectRoot = "";
			targets = (
				2C660EC025A6C0280054D556 /* RecorderPlus */,
				2C660ED925A6C0280054D556 /* RecorderPlusTests */,
				2C660EE425A6C0290054D556 /* RecorderPlusUITests */,
			);
		};
/* End PBXProject section */

/* Begin PBXResourcesBuildPhase section */
		2C660EBF25A6C0280054D556 /* Resources */ = {
			isa = PBXResourcesBuildPhase;
			buildActionMask = 2147483647;
			files = (
				2C660ED425A6C0280054D556 /* LaunchScreen.storyboard in Resources */,
				2C660ED125A6C0280054D556 /* Assets.xcassets in Resources */,
				2C660ECC25A6C0280054D556 /* Main.storyboard in Resources */,
				2C660F2925A6E48F0054D556 /* CollectionViewCell.xib in Resources */,
			);
			runOnlyForDeploymentPostprocessing = 0;
		};
		2C660ED825A6C0280054D556 /* Resources */ = {
			isa = PBXResourcesBuildPhase;
			buildActionMask = 2147483647;
			files = (
			);
			runOnlyForDeploymentPostprocessing = 0;
		};
		2C660EE325A6C0290054D556 /* Resources */ = {
			isa = PBXResourcesBuildPhase;
			buildActionMask = 2147483647;
			files = (
			);
			runOnlyForDeploymentPostprocessing = 0;
		};
/* End PBXResourcesBuildPhase section */

/* Begin PBXSourcesBuildPhase section */
		2C660EBD25A6C0280054D556 /* Sources */ = {
			isa = PBXSourcesBuildPhase;
			buildActionMask = 2147483647;
			files = (
				2C660F0025A6D7170054D556 /* ViewController2.swift in Sources */,
				2C660F1F25A6DE340054D556 /* CollectionViewCellModel.swift in Sources */,
				2C660F1025A6DDD30054D556 /* TableViewCell.swift in Sources */,
				2C660F1525A6DE100054D556 /* CollectionViewCell.swift in Sources */,
				2C660F0625A6DD990054D556 /* Extensions.swift in Sources */,
				2C341E2F25A7FEB8005E8AD7 /* RecordingMetaData.xcdatamodeld in Sources */,
				2C660EC925A6C0280054D556 /* ViewController.swift in Sources */,
				2C341E3C25A7FF6F005E8AD7 /* CoreDataStack.swift in Sources */,
				2C660F0B25A6DDA40054D556 /* Colors.swift in Sources */,
				2C341E5825A80997005E8AD7 /* Recording+CoreDataProperties.swift in Sources */,
				2C660EC525A6C0280054D556 /* AppDelegate.swift in Sources */,
				2C341E2625A7CDBF005E8AD7 /* NewRecording.swift in Sources */,
				2C660F1A25A6DE2E0054D556 /* TableViewCellModel.swift in Sources */,
				2C660EC725A6C0280054D556 /* SceneDelegate.swift in Sources */,
				2C660ECF25A6C0280054D556 /* RecorderPlus.xcdatamodeld in Sources */,
				2C341E5725A80997005E8AD7 /* Recording+CoreDataClass.swift in Sources */,
			);
			runOnlyForDeploymentPostprocessing = 0;
		};
		2C660ED625A6C0280054D556 /* Sources */ = {
			isa = PBXSourcesBuildPhase;
			buildActionMask = 2147483647;
			files = (
				2C660EDF25A6C0290054D556 /* RecorderPlusTests.swift in Sources */,
			);
			runOnlyForDeploymentPostprocessing = 0;
		};
		2C660EE125A6C0290054D556 /* Sources */ = {
			isa = PBXSourcesBuildPhase;
			buildActionMask = 2147483647;
			files = (
				2C660EEA25A6C0290054D556 /* RecorderPlusUITests.swift in Sources */,
			);
			runOnlyForDeploymentPostprocessing = 0;
		};
/* End PBXSourcesBuildPhase section */

/* Begin PBXTargetDependency section */
		2C660EDC25A6C0280054D556 /* PBXTargetDependency */ = {
			isa = PBXTargetDependency;
			target = 2C660EC025A6C0280054D556 /* RecorderPlus */;
			targetProxy = 2C660EDB25A6C0280054D556 /* PBXContainerItemProxy */;
		};
		2C660EE725A6C0290054D556 /* PBXTargetDependency */ = {
			isa = PBXTargetDependency;
			target = 2C660EC025A6C0280054D556 /* RecorderPlus */;
			targetProxy = 2C660EE625A6C0290054D556 /* PBXContainerItemProxy */;
		};
/* End PBXTargetDependency section */

/* Begin PBXVariantGroup section */
		2C660ECA25A6C0280054D556 /* Main.storyboard */ = {
			isa = PBXVariantGroup;
			children = (
				2C660ECB25A6C0280054D556 /* Base */,
			);
			name = Main.storyboard;
			sourceTree = "<group>";
		};
		2C660ED225A6C0280054D556 /* LaunchScreen.storyboard */ = {
			isa = PBXVariantGroup;
			children = (
				2C660ED325A6C0280054D556 /* Base */,
			);
			name = LaunchScreen.storyboard;
			sourceTree = "<group>";
		};
/* End PBXVariantGroup section */

/* Begin XCBuildConfiguration section */
		2C660EEC25A6C0290054D556 /* Debug */ = {
			isa = XCBuildConfiguration;
			buildSettings = {
				ALWAYS_SEARCH_USER_PATHS = NO;
				CLANG_ANALYZER_NONNULL = YES;
				CLANG_ANALYZER_NUMBER_OBJECT_CONVERSION = YES_AGGRESSIVE;
				CLANG_CXX_LANGUAGE_STANDARD = "gnu++14";
				CLANG_CXX_LIBRARY = "libc++";
				CLANG_ENABLE_MODULES = YES;
				CLANG_ENABLE_OBJC_ARC = YES;
				CLANG_ENABLE_OBJC_WEAK = YES;
				CLANG_WARN_BLOCK_CAPTURE_AUTORELEASING = YES;
				CLANG_WARN_BOOL_CONVERSION = YES;
				CLANG_WARN_COMMA = YES;
				CLANG_WARN_CONSTANT_CONVERSION = YES;
				CLANG_WARN_DEPRECATED_OBJC_IMPLEMENTATIONS = YES;
				CLANG_WARN_DIRECT_OBJC_ISA_USAGE = YES_ERROR;
				CLANG_WARN_DOCUMENTATION_COMMENTS = YES;
				CLANG_WARN_EMPTY_BODY = YES;
				CLANG_WARN_ENUM_CONVERSION = YES;
				CLANG_WARN_INFINITE_RECURSION = YES;
				CLANG_WARN_INT_CONVERSION = YES;
				CLANG_WARN_NON_LITERAL_NULL_CONVERSION = YES;
				CLANG_WARN_OBJC_IMPLICIT_RETAIN_SELF = YES;
				CLANG_WARN_OBJC_LITERAL_CONVERSION = YES;
				CLANG_WARN_OBJC_ROOT_CLASS = YES_ERROR;
				CLANG_WARN_QUOTED_INCLUDE_IN_FRAMEWORK_HEADER = YES;
				CLANG_WARN_RANGE_LOOP_ANALYSIS = YES;
				CLANG_WARN_STRICT_PROTOTYPES = YES;
				CLANG_WARN_SUSPICIOUS_MOVE = YES;
				CLANG_WARN_UNGUARDED_AVAILABILITY = YES_AGGRESSIVE;
				CLANG_WARN_UNREACHABLE_CODE = YES;
				CLANG_WARN__DUPLICATE_METHOD_MATCH = YES;
				COPY_PHASE_STRIP = NO;
				DEBUG_INFORMATION_FORMAT = dwarf;
				ENABLE_STRICT_OBJC_MSGSEND = YES;
				ENABLE_TESTABILITY = YES;
				GCC_C_LANGUAGE_STANDARD = gnu11;
				GCC_DYNAMIC_NO_PIC = NO;
				GCC_NO_COMMON_BLOCKS = YES;
				GCC_OPTIMIZATION_LEVEL = 0;
				GCC_PREPROCESSOR_DEFINITIONS = (
					"DEBUG=1",
					"$(inherited)",
				);
				GCC_WARN_64_TO_32_BIT_CONVERSION = YES;
				GCC_WARN_ABOUT_RETURN_TYPE = YES_ERROR;
				GCC_WARN_UNDECLARED_SELECTOR = YES;
				GCC_WARN_UNINITIALIZED_AUTOS = YES_AGGRESSIVE;
				GCC_WARN_UNUSED_FUNCTION = YES;
				GCC_WARN_UNUSED_VARIABLE = YES;
				IPHONEOS_DEPLOYMENT_TARGET = 14.3;
				MTL_ENABLE_DEBUG_INFO = INCLUDE_SOURCE;
				MTL_FAST_MATH = YES;
				ONLY_ACTIVE_ARCH = YES;
				SDKROOT = iphoneos;
				SWIFT_ACTIVE_COMPILATION_CONDITIONS = DEBUG;
				SWIFT_OPTIMIZATION_LEVEL = "-Onone";
			};
			name = Debug;
		};
		2C660EED25A6C0290054D556 /* Release */ = {
			isa = XCBuildConfiguration;
			buildSettings = {
				ALWAYS_SEARCH_USER_PATHS = NO;
				CLANG_ANALYZER_NONNULL = YES;
				CLANG_ANALYZER_NUMBER_OBJECT_CONVERSION = YES_AGGRESSIVE;
				CLANG_CXX_LANGUAGE_STANDARD = "gnu++14";
				CLANG_CXX_LIBRARY = "libc++";
				CLANG_ENABLE_MODULES = YES;
				CLANG_ENABLE_OBJC_ARC = YES;
				CLANG_ENABLE_OBJC_WEAK = YES;
				CLANG_WARN_BLOCK_CAPTURE_AUTORELEASING = YES;
				CLANG_WARN_BOOL_CONVERSION = YES;
				CLANG_WARN_COMMA = YES;
				CLANG_WARN_CONSTANT_CONVERSION = YES;
				CLANG_WARN_DEPRECATED_OBJC_IMPLEMENTATIONS = YES;
				CLANG_WARN_DIRECT_OBJC_ISA_USAGE = YES_ERROR;
				CLANG_WARN_DOCUMENTATION_COMMENTS = YES;
				CLANG_WARN_EMPTY_BODY = YES;
				CLANG_WARN_ENUM_CONVERSION = YES;
				CLANG_WARN_INFINITE_RECURSION = YES;
				CLANG_WARN_INT_CONVERSION = YES;
				CLANG_WARN_NON_LITERAL_NULL_CONVERSION = YES;
				CLANG_WARN_OBJC_IMPLICIT_RETAIN_SELF = YES;
				CLANG_WARN_OBJC_LITERAL_CONVERSION = YES;
				CLANG_WARN_OBJC_ROOT_CLASS = YES_ERROR;
				CLANG_WARN_QUOTED_INCLUDE_IN_FRAMEWORK_HEADER = YES;
				CLANG_WARN_RANGE_LOOP_ANALYSIS = YES;
				CLANG_WARN_STRICT_PROTOTYPES = YES;
				CLANG_WARN_SUSPICIOUS_MOVE = YES;
				CLANG_WARN_UNGUARDED_AVAILABILITY = YES_AGGRESSIVE;
				CLANG_WARN_UNREACHABLE_CODE = YES;
				CLANG_WARN__DUPLICATE_METHOD_MATCH = YES;
				COPY_PHASE_STRIP = NO;
				DEBUG_INFORMATION_FORMAT = "dwarf-with-dsym";
				ENABLE_NS_ASSERTIONS = NO;
				ENABLE_STRICT_OBJC_MSGSEND = YES;
				GCC_C_LANGUAGE_STANDARD = gnu11;
				GCC_NO_COMMON_BLOCKS = YES;
				GCC_WARN_64_TO_32_BIT_CONVERSION = YES;
				GCC_WARN_ABOUT_RETURN_TYPE = YES_ERROR;
				GCC_WARN_UNDECLARED_SELECTOR = YES;
				GCC_WARN_UNINITIALIZED_AUTOS = YES_AGGRESSIVE;
				GCC_WARN_UNUSED_FUNCTION = YES;
				GCC_WARN_UNUSED_VARIABLE = YES;
				IPHONEOS_DEPLOYMENT_TARGET = 14.3;
				MTL_ENABLE_DEBUG_INFO = NO;
				MTL_FAST_MATH = YES;
				SDKROOT = iphoneos;
				SWIFT_COMPILATION_MODE = wholemodule;
				SWIFT_OPTIMIZATION_LEVEL = "-O";
				VALIDATE_PRODUCT = YES;
			};
			name = Release;
		};
		2C660EEF25A6C0290054D556 /* Debug */ = {
			isa = XCBuildConfiguration;
			buildSettings = {
				ASSETCATALOG_COMPILER_APPICON_NAME = AppIcon;
				ASSETCATALOG_COMPILER_GLOBAL_ACCENT_COLOR_NAME = AccentColor;
				CODE_SIGN_STYLE = Automatic;
				INFOPLIST_FILE = RecorderPlus/Info.plist;
				LD_RUNPATH_SEARCH_PATHS = (
					"$(inherited)",
					"@executable_path/Frameworks",
				);
				PRODUCT_BUNDLE_IDENTIFIER = com.caomai.RecorderPlus;
				PRODUCT_NAME = "$(TARGET_NAME)";
				SWIFT_VERSION = 5.0;
				TARGETED_DEVICE_FAMILY = "1,2";
			};
			name = Debug;
		};
		2C660EF025A6C0290054D556 /* Release */ = {
			isa = XCBuildConfiguration;
			buildSettings = {
				ASSETCATALOG_COMPILER_APPICON_NAME = AppIcon;
				ASSETCATALOG_COMPILER_GLOBAL_ACCENT_COLOR_NAME = AccentColor;
				CODE_SIGN_STYLE = Automatic;
				INFOPLIST_FILE = RecorderPlus/Info.plist;
				LD_RUNPATH_SEARCH_PATHS = (
					"$(inherited)",
					"@executable_path/Frameworks",
				);
				PRODUCT_BUNDLE_IDENTIFIER = com.caomai.RecorderPlus;
				PRODUCT_NAME = "$(TARGET_NAME)";
				SWIFT_VERSION = 5.0;
				TARGETED_DEVICE_FAMILY = "1,2";
			};
			name = Release;
		};
		2C660EF225A6C0290054D556 /* Debug */ = {
			isa = XCBuildConfiguration;
			buildSettings = {
				ALWAYS_EMBED_SWIFT_STANDARD_LIBRARIES = YES;
				BUNDLE_LOADER = "$(TEST_HOST)";
				CODE_SIGN_STYLE = Automatic;
				INFOPLIST_FILE = RecorderPlusTests/Info.plist;
				IPHONEOS_DEPLOYMENT_TARGET = 14.3;
				LD_RUNPATH_SEARCH_PATHS = (
					"$(inherited)",
					"@executable_path/Frameworks",
					"@loader_path/Frameworks",
				);
				PRODUCT_BUNDLE_IDENTIFIER = com.caomai.RecorderPlusTests;
				PRODUCT_NAME = "$(TARGET_NAME)";
				SWIFT_VERSION = 5.0;
				TARGETED_DEVICE_FAMILY = "1,2";
				TEST_HOST = "$(BUILT_PRODUCTS_DIR)/RecorderPlus.app/RecorderPlus";
			};
			name = Debug;
		};
		2C660EF325A6C0290054D556 /* Release */ = {
			isa = XCBuildConfiguration;
			buildSettings = {
				ALWAYS_EMBED_SWIFT_STANDARD_LIBRARIES = YES;
				BUNDLE_LOADER = "$(TEST_HOST)";
				CODE_SIGN_STYLE = Automatic;
				INFOPLIST_FILE = RecorderPlusTests/Info.plist;
				IPHONEOS_DEPLOYMENT_TARGET = 14.3;
				LD_RUNPATH_SEARCH_PATHS = (
					"$(inherited)",
					"@executable_path/Frameworks",
					"@loader_path/Frameworks",
				);
				PRODUCT_BUNDLE_IDENTIFIER = com.caomai.RecorderPlusTests;
				PRODUCT_NAME = "$(TARGET_NAME)";
				SWIFT_VERSION = 5.0;
				TARGETED_DEVICE_FAMILY = "1,2";
				TEST_HOST = "$(BUILT_PRODUCTS_DIR)/RecorderPlus.app/RecorderPlus";
			};
			name = Release;
		};
		2C660EF525A6C0290054D556 /* Debug */ = {
			isa = XCBuildConfiguration;
			buildSettings = {
				ALWAYS_EMBED_SWIFT_STANDARD_LIBRARIES = YES;
				CODE_SIGN_STYLE = Automatic;
				INFOPLIST_FILE = RecorderPlusUITests/Info.plist;
				LD_RUNPATH_SEARCH_PATHS = (
					"$(inherited)",
					"@executable_path/Frameworks",
					"@loader_path/Frameworks",
				);
				PRODUCT_BUNDLE_IDENTIFIER = com.caomai.RecorderPlusUITests;
				PRODUCT_NAME = "$(TARGET_NAME)";
				SWIFT_VERSION = 5.0;
				TARGETED_DEVICE_FAMILY = "1,2";
				TEST_TARGET_NAME = RecorderPlus;
			};
			name = Debug;
		};
		2C660EF625A6C0290054D556 /* Release */ = {
			isa = XCBuildConfiguration;
			buildSettings = {
				ALWAYS_EMBED_SWIFT_STANDARD_LIBRARIES = YES;
				CODE_SIGN_STYLE = Automatic;
				INFOPLIST_FILE = RecorderPlusUITests/Info.plist;
				LD_RUNPATH_SEARCH_PATHS = (
					"$(inherited)",
					"@executable_path/Frameworks",
					"@loader_path/Frameworks",
				);
				PRODUCT_BUNDLE_IDENTIFIER = com.caomai.RecorderPlusUITests;
				PRODUCT_NAME = "$(TARGET_NAME)";
				SWIFT_VERSION = 5.0;
				TARGETED_DEVICE_FAMILY = "1,2";
				TEST_TARGET_NAME = RecorderPlus;
			};
			name = Release;
		};
/* End XCBuildConfiguration section */

/* Begin XCConfigurationList section */
		2C660EBC25A6C0280054D556 /* Build configuration list for PBXProject "RecorderPlus" */ = {
			isa = XCConfigurationList;
			buildConfigurations = (
				2C660EEC25A6C0290054D556 /* Debug */,
				2C660EED25A6C0290054D556 /* Release */,
			);
			defaultConfigurationIsVisible = 0;
			defaultConfigurationName = Release;
		};
		2C660EEE25A6C0290054D556 /* Build configuration list for PBXNativeTarget "RecorderPlus" */ = {
			isa = XCConfigurationList;
			buildConfigurations = (
				2C660EEF25A6C0290054D556 /* Debug */,
				2C660EF025A6C0290054D556 /* Release */,
			);
			defaultConfigurationIsVisible = 0;
			defaultConfigurationName = Release;
		};
		2C660EF125A6C0290054D556 /* Build configuration list for PBXNativeTarget "RecorderPlusTests" */ = {
			isa = XCConfigurationList;
			buildConfigurations = (
				2C660EF225A6C0290054D556 /* Debug */,
				2C660EF325A6C0290054D556 /* Release */,
			);
			defaultConfigurationIsVisible = 0;
			defaultConfigurationName = Release;
		};
		2C660EF425A6C0290054D556 /* Build configuration list for PBXNativeTarget "RecorderPlusUITests" */ = {
			isa = XCConfigurationList;
			buildConfigurations = (
				2C660EF525A6C0290054D556 /* Debug */,
				2C660EF625A6C0290054D556 /* Release */,
			);
			defaultConfigurationIsVisible = 0;
			defaultConfigurationName = Release;
		};
/* End XCConfigurationList section */

/* Begin XCVersionGroup section */
		2C341E2D25A7FEB8005E8AD7 /* RecordingMetaData.xcdatamodeld */ = {
			isa = XCVersionGroup;
			children = (
				2C341E2E25A7FEB8005E8AD7 /* RecordingMetaData.xcdatamodel */,
			);
			currentVersion = 2C341E2E25A7FEB8005E8AD7 /* RecordingMetaData.xcdatamodel */;
			path = RecordingMetaData.xcdatamodeld;
			sourceTree = "<group>";
			versionGroupType = wrapper.xcdatamodel;
		};
		2C660ECD25A6C0280054D556 /* RecorderPlus.xcdatamodeld */ = {
			isa = XCVersionGroup;
			children = (
				2C660ECE25A6C0280054D556 /* RecorderPlus.xcdatamodel */,
			);
			currentVersion = 2C660ECE25A6C0280054D556 /* RecorderPlus.xcdatamodel */;
			path = RecorderPlus.xcdatamodeld;
			sourceTree = "<group>";
			versionGroupType = wrapper.xcdatamodel;
		};
/* End XCVersionGroup section */
	};
	rootObject = 2C660EB925A6C0280054D556 /* Project object */;
}
